<?xml version="1.0" encoding="utf-8"?>
<Project ToolsVersion="4.0" xmlns="http://schemas.microsoft.com/developer/msbuild/2003">
  <ItemGroup>
    <Filter Include="Source Files">
      <UniqueIdentifier>{4FC737F1-C7A5-4376-A066-2A32D752A2FF}</UniqueIdentifier>
      <Extensions>cpp;c;cc;cxx;def;odl;idl;hpj;bat;asm;asmx</Extensions>
    </Filter>
    <Filter Include="Header Files">
      <UniqueIdentifier>{93995380-89BD-4b04-88EB-625FBE52EBFB}</UniqueIdentifier>
      <Extensions>h;hh;hpp;hxx;hm;inl;inc;ipp;xsd</Extensions>
    </Filter>
    <Filter Include="Resource Files">
      <UniqueIdentifier>{67DA6AB6-F800-4c08-8B7A-83BB121AAD01}</UniqueIdentifier>
      <Extensions>rc;ico;cur;bmp;dlg;rc2;rct;bin;rgs;gif;jpg;jpeg;jpe;resx;tiff;tif;png;wav;mfcribbon-ms</Extensions>
    </Filter>
    <Filter Include="Source Files\Map">
      <UniqueIdentifier>{07150e00-07f0-4b33-8e5e-2f71f098f3b9}</UniqueIdentifier>
    </Filter>
    <Filter Include="Header Files\Map">
      <UniqueIdentifier>{45aa79e2-8252-4511-aec0-cec59759ab11}</UniqueIdentifier>
    </Filter>
    <Filter Include="Header Files\MapLoader">
      <UniqueIdentifier>{b2e41f20-eaa1-476f-ade7-8bc7d623ce62}</UniqueIdentifier>
    </Filter>
    <Filter Include="Source Files\MapLoader">
      <UniqueIdentifier>{5dd633d2-edb0-4551-86f9-ac6da21ddfdf}</UniqueIdentifier>
    </Filter>
    <Filter Include="Source Files\Dice">
      <UniqueIdentifier>{e1994ff2-272a-470b-ae16-5e40eeda2f3a}</UniqueIdentifier>
    </Filter>
    <Filter Include="Header Files\Dice">
      <UniqueIdentifier>{cf6ebc89-2896-4a71-a738-5901149d9491}</UniqueIdentifier>
    </Filter>
    <Filter Include="Header Files\Player">
      <UniqueIdentifier>{981b36fa-ab8d-4b06-99d9-725356e8de19}</UniqueIdentifier>
    </Filter>
    <Filter Include="Source Files\Player">
      <UniqueIdentifier>{4928b6e8-3eb3-42e7-aeec-ab008785ffe3}</UniqueIdentifier>
    </Filter>
    <Filter Include="Source Files\Deck">
      <UniqueIdentifier>{c3686be9-6d1b-4d94-a453-ad076e5606eb}</UniqueIdentifier>
    </Filter>
    <Filter Include="Header Files\Deck">
      <UniqueIdentifier>{e2c2e792-eebe-464f-8c90-279a14e302ae}</UniqueIdentifier>
    </Filter>
    <Filter Include="Source Files\Game">
      <UniqueIdentifier>{2db6af3f-8720-4951-8f76-b10f1c1f730c}</UniqueIdentifier>
    </Filter>
    <Filter Include="Header Files\Game">
      <UniqueIdentifier>{78f94535-6a6c-4c18-aacf-91997fe99067}</UniqueIdentifier>
    </Filter>
    <Filter Include="Source Files\Drivers">
      <UniqueIdentifier>{d9ab8fac-fa5f-4f1e-b991-3a39b28d61da}</UniqueIdentifier>
    </Filter>
    <Filter Include="Header Files\PhaseViewer">
      <UniqueIdentifier>{46a2a587-985c-4c19-9c09-dd6e979a11a3}</UniqueIdentifier>
    </Filter>
    <Filter Include="Source Files\PhaseViewer">
      <UniqueIdentifier>{f31d27b5-d8d3-4224-a036-1ce982e9ab14}</UniqueIdentifier>
    </Filter>
    <Filter Include="Header Files\Patterns">
      <UniqueIdentifier>{9ed4d91d-c9bf-4db2-bbf3-c7e9a1b88de4}</UniqueIdentifier>
    </Filter>
    <Filter Include="Source Files\Patterns">
      <UniqueIdentifier>{51038eb2-a48e-4ea9-b9a3-7ead65146b5f}</UniqueIdentifier>
    </Filter>
  </ItemGroup>
  <ItemGroup>
    <ClInclude Include="stdafx.h">
      <Filter>Header Files</Filter>
    </ClInclude>
    <ClInclude Include="targetver.h">
      <Filter>Header Files</Filter>
    </ClInclude>
    <ClInclude Include="Map.h">
      <Filter>Header Files\Map</Filter>
    </ClInclude>
    <ClInclude Include="MapLoader.h">
      <Filter>Header Files\MapLoader</Filter>
    </ClInclude>
    <ClInclude Include="DiceRollingFacility.h">
      <Filter>Header Files\Dice</Filter>
    </ClInclude>
    <ClInclude Include="Player.h">
      <Filter>Header Files\Player</Filter>
    </ClInclude>
    <ClInclude Include="Hand.h">
      <Filter>Header Files\Deck</Filter>
    </ClInclude>
    <ClInclude Include="Deck.h">
      <Filter>Header Files\Deck</Filter>
    </ClInclude>
    <ClInclude Include="Game.h">
      <Filter>Header Files\Game</Filter>
    </ClInclude>
    <ClInclude Include="Observer.h">
      <Filter>Header Files\Patterns</Filter>
    </ClInclude>
    <ClInclude Include="Subject.h">
      <Filter>Header Files\Patterns</Filter>
    </ClInclude>
    <ClInclude Include="PhaseObserver.h">
      <Filter>Header Files\PhaseViewer</Filter>
    </ClInclude>
    <ClInclude Include="Strategy.h">
      <Filter>Header Files\Patterns</Filter>
    </ClInclude>
    <ClInclude Include="Human.h">
      <Filter>Header Files\Patterns</Filter>
    </ClInclude>
    <ClInclude Include="Benevolent.h">
      <Filter>Header Files\Patterns</Filter>
    </ClInclude>
    <ClInclude Include="Aggressive.h">
      <Filter>Header Files\Patterns</Filter>
    </ClInclude>
  </ItemGroup>
  <ItemGroup>
    <ClCompile Include="stdafx.cpp">
      <Filter>Source Files</Filter>
    </ClCompile>
    <ClCompile Include="Map.cpp">
      <Filter>Source Files\Map</Filter>
    </ClCompile>
    <ClCompile Include="MapLoader.cpp">
      <Filter>Source Files\MapLoader</Filter>
    </ClCompile>
    <ClCompile Include="DiceRollingFacility.cpp">
      <Filter>Source Files\Dice</Filter>
    </ClCompile>
    <ClCompile Include="Player.cpp">
      <Filter>Source Files\Player</Filter>
    </ClCompile>
    <ClCompile Include="Hand.cpp">
      <Filter>Source Files\Deck</Filter>
    </ClCompile>
    <ClCompile Include="Deck.cpp">
      <Filter>Source Files\Deck</Filter>
    </ClCompile>
    <ClCompile Include="Game.cpp">
      <Filter>Source Files\Game</Filter>
    </ClCompile>
    <ClCompile Include="MapDriver.cpp">
      <Filter>Source Files\Map</Filter>
    </ClCompile>
    <ClCompile Include="DiceDriver.cpp">
      <Filter>Source Files\Dice</Filter>
    </ClCompile>
    <ClCompile Include="CardMain.cpp">
      <Filter>Source Files\Deck</Filter>
    </ClCompile>
    <ClCompile Include="PlayerDriver.cpp">
      <Filter>Source Files\Player</Filter>
    </ClCompile>
    <ClCompile Include="GameDriver.cpp">
      <Filter>Source Files\Game</Filter>
    </ClCompile>
    <ClCompile Include="MapLoaderDriver.cpp">
      <Filter>Source Files\MapLoader</Filter>
    </ClCompile>
    <ClCompile Include="AttackDriver.cpp">
      <Filter>Source Files\Drivers</Filter>
    </ClCompile>
    <ClCompile Include="FortificationDriver.cpp">
      <Filter>Source Files\Drivers</Filter>
    </ClCompile>
    <ClCompile Include="ReinforcementDriver.cpp">
      <Filter>Source Files\Drivers</Filter>
    </ClCompile>
    <ClCompile Include="RiskGame.cpp">
      <Filter>Source Files\Drivers</Filter>
    </ClCompile>
    <ClCompile Include="PhaseObserverDriver.cpp">
      <Filter>Source Files\Drivers</Filter>
    </ClCompile>
    <ClCompile Include="PhaseObserver.cpp">
      <Filter>Source Files\PhaseViewer</Filter>
    </ClCompile>
    <ClCompile Include="Subject.cpp">
      <Filter>Source Files\Patterns</Filter>
    </ClCompile>
    <ClCompile Include="Observer.cpp">
      <Filter>Source Files\Patterns</Filter>
    </ClCompile>
    <ClCompile Include="Human.cpp">
      <Filter>Source Files\Patterns</Filter>
    </ClCompile>
    <ClCompile Include="Benevolent.cpp">
      <Filter>Source Files\Patterns</Filter>
    </ClCompile>
    <ClCompile Include="Aggressive.cpp">
      <Filter>Source Files\Patterns</Filter>
    </ClCompile>
  </ItemGroup>
  <ItemGroup>
    <None Include=".gitignore" />
    <None Include="World.map" />
    <None Include="World1.map" />
    <None Include="World2.map" />
    <None Include="Maps\InvalidContinents.map" />
    <None Include="Maps\InvalidTerritories.map" />
    <None Include="Maps\TerritoryTwoContinents.map" />
    <None Include="Maps\World.map" />
  </ItemGroup>
</Project>